// !$*UTF8*$!
{
	archiveVersion = 1;
	classes = {
	};
	objectVersion = 46;
	objects = {

/* Begin PBXBuildFile section */
		0195116D1CA589FC003B5534 /* Node.mm in Sources */ = {isa = PBXBuildFile; fileRef = 0195116C1CA589FC003B5534 /* Node.mm */; };
		019511731CA92E29003B5534 /* Cube.mm in Sources */ = {isa = PBXBuildFile; fileRef = 019511721CA92E29003B5534 /* Cube.mm */; };
		0195117D1CB3EBDE003B5534 /* Quaternion.mm in Sources */ = {isa = PBXBuildFile; fileRef = 0195117C1CB3EBDE003B5534 /* Quaternion.mm */; };
		01A0DEAE1C9A989300A71306 /* main.m in Sources */ = {isa = PBXBuildFile; fileRef = 01A0DEAD1C9A989300A71306 /* main.m */; };
		01A0DEB11C9A989300A71306 /* AppDelegate.m in Sources */ = {isa = PBXBuildFile; fileRef = 01A0DEB01C9A989300A71306 /* AppDelegate.m */; };
		01A0DEB71C9A989400A71306 /* Main.storyboard in Resources */ = {isa = PBXBuildFile; fileRef = 01A0DEB51C9A989400A71306 /* Main.storyboard */; };
		01A0DEB91C9A989400A71306 /* Assets.xcassets in Resources */ = {isa = PBXBuildFile; fileRef = 01A0DEB81C9A989400A71306 /* Assets.xcassets */; };
		01A0DEBC1C9A989400A71306 /* LaunchScreen.storyboard in Resources */ = {isa = PBXBuildFile; fileRef = 01A0DEBA1C9A989400A71306 /* LaunchScreen.storyboard */; };
		01A0DEC91C9A98F600A71306 /* Transforms.mm in Sources */ = {isa = PBXBuildFile; fileRef = 01A0DEC51C9A98F600A71306 /* Transforms.mm */; };
		01A0DECA1C9A98F600A71306 /* Shaders.metal in Sources */ = {isa = PBXBuildFile; fileRef = 01A0DEC71C9A98F600A71306 /* Shaders.metal */; };
		01A0DED11C9A994200A71306 /* MetalRenderer.mm in Sources */ = {isa = PBXBuildFile; fileRef = 01A0DECC1C9A994200A71306 /* MetalRenderer.mm */; };
		01A0DED21C9A994200A71306 /* MetalView.m in Sources */ = {isa = PBXBuildFile; fileRef = 01A0DECE1C9A994200A71306 /* MetalView.m */; };
		01A0DED31C9A994200A71306 /* MetalViewController.m in Sources */ = {isa = PBXBuildFile; fileRef = 01A0DED01C9A994200A71306 /* MetalViewController.m */; };
/* End PBXBuildFile section */

/* Begin PBXFileReference section */
		0195116B1CA589FC003B5534 /* Node.h */ = {isa = PBXFileReference; fileEncoding = 4; lastKnownFileType = sourcecode.c.h; path = Node.h; sourceTree = "<group>"; };
		0195116C1CA589FC003B5534 /* Node.mm */ = {isa = PBXFileReference; fileEncoding = 4; lastKnownFileType = sourcecode.cpp.objcpp; path = Node.mm; sourceTree = "<group>"; };
		019511711CA92E29003B5534 /* Cube.h */ = {isa = PBXFileReference; fileEncoding = 4; lastKnownFileType = sourcecode.c.h; path = Cube.h; sourceTree = "<group>"; };
		019511721CA92E29003B5534 /* Cube.mm */ = {isa = PBXFileReference; fileEncoding = 4; lastKnownFileType = sourcecode.cpp.objcpp; path = Cube.mm; sourceTree = "<group>"; };
		0195117B1CB3EBCF003B5534 /* Quaternion.h */ = {isa = PBXFileReference; lastKnownFileType = sourcecode.c.h; path = Quaternion.h; sourceTree = "<group>"; };
		0195117C1CB3EBDE003B5534 /* Quaternion.mm */ = {isa = PBXFileReference; fileEncoding = 4; lastKnownFileType = sourcecode.cpp.objcpp; path = Quaternion.mm; sourceTree = "<group>"; };
		01A0DEA91C9A989300A71306 /* Metal.app */ = {isa = PBXFileReference; explicitFileType = wrapper.application; includeInIndex = 0; path = Metal.app; sourceTree = BUILT_PRODUCTS_DIR; };
		01A0DEAD1C9A989300A71306 /* main.m */ = {isa = PBXFileReference; lastKnownFileType = sourcecode.c.objc; path = main.m; sourceTree = "<group>"; };
		01A0DEAF1C9A989300A71306 /* AppDelegate.h */ = {isa = PBXFileReference; lastKnownFileType = sourcecode.c.h; path = AppDelegate.h; sourceTree = "<group>"; };
		01A0DEB01C9A989300A71306 /* AppDelegate.m */ = {isa = PBXFileReference; lastKnownFileType = sourcecode.c.objc; path = AppDelegate.m; sourceTree = "<group>"; };
		01A0DEB61C9A989400A71306 /* Base */ = {isa = PBXFileReference; lastKnownFileType = file.storyboard; name = Base; path = Base.lproj/Main.storyboard; sourceTree = "<group>"; };
		01A0DEB81C9A989400A71306 /* Assets.xcassets */ = {isa = PBXFileReference; lastKnownFileType = folder.assetcatalog; path = Assets.xcassets; sourceTree = "<group>"; };
		01A0DEBB1C9A989400A71306 /* Base */ = {isa = PBXFileReference; lastKnownFileType = file.storyboard; name = Base; path = Base.lproj/LaunchScreen.storyboard; sourceTree = "<group>"; };
		01A0DEBD1C9A989400A71306 /* Info.plist */ = {isa = PBXFileReference; lastKnownFileType = text.plist.xml; path = Info.plist; sourceTree = "<group>"; };
		01A0DEC41C9A98F600A71306 /* Transforms.h */ = {isa = PBXFileReference; fileEncoding = 4; lastKnownFileType = sourcecode.c.h; path = Transforms.h; sourceTree = "<group>"; };
		01A0DEC51C9A98F600A71306 /* Transforms.mm */ = {isa = PBXFileReference; fileEncoding = 4; lastKnownFileType = sourcecode.cpp.objcpp; path = Transforms.mm; sourceTree = "<group>"; };
		01A0DEC71C9A98F600A71306 /* Shaders.metal */ = {isa = PBXFileReference; fileEncoding = 4; lastKnownFileType = sourcecode.metal; path = Shaders.metal; sourceTree = "<group>"; };
		01A0DEC81C9A98F600A71306 /* SharedTypes.h */ = {isa = PBXFileReference; fileEncoding = 4; lastKnownFileType = sourcecode.c.h; path = SharedTypes.h; sourceTree = "<group>"; };
		01A0DECB1C9A994200A71306 /* MetalRenderer.h */ = {isa = PBXFileReference; fileEncoding = 4; lastKnownFileType = sourcecode.c.h; path = MetalRenderer.h; sourceTree = "<group>"; };
		01A0DECC1C9A994200A71306 /* MetalRenderer.mm */ = {isa = PBXFileReference; fileEncoding = 4; lastKnownFileType = sourcecode.cpp.objcpp; path = MetalRenderer.mm; sourceTree = "<group>"; };
		01A0DECD1C9A994200A71306 /* MetalView.h */ = {isa = PBXFileReference; fileEncoding = 4; lastKnownFileType = sourcecode.c.h; path = MetalView.h; sourceTree = "<group>"; };
		01A0DECE1C9A994200A71306 /* MetalView.m */ = {isa = PBXFileReference; fileEncoding = 4; lastKnownFileType = sourcecode.c.objc; path = MetalView.m; sourceTree = "<group>"; };
		01A0DECF1C9A994200A71306 /* MetalViewController.h */ = {isa = PBXFileReference; fileEncoding = 4; lastKnownFileType = sourcecode.c.h; path = MetalViewController.h; sourceTree = "<group>"; };
		01A0DED01C9A994200A71306 /* MetalViewController.m */ = {isa = PBXFileReference; fileEncoding = 4; lastKnownFileType = sourcecode.c.objc; path = MetalViewController.m; sourceTree = "<group>"; };
/* End PBXFileReference section */

/* Begin PBXFrameworksBuildPhase section */
		01A0DEA61C9A989300A71306 /* Frameworks */ = {
			isa = PBXFrameworksBuildPhase;
			buildActionMask = 2147483647;
			files = (
			);
			runOnlyForDeploymentPostprocessing = 0;
		};
/* End PBXFrameworksBuildPhase section */

/* Begin PBXGroup section */
		01A0DEA01C9A989300A71306 = {
			isa = PBXGroup;
			children = (
				01A0DEAB1C9A989300A71306 /* Metal */,
				01A0DEAA1C9A989300A71306 /* Products */,
			);
			sourceTree = "<group>";
		};
		01A0DEAA1C9A989300A71306 /* Products */ = {
			isa = PBXGroup;
			children = (
				01A0DEA91C9A989300A71306 /* Metal.app */,
			);
			name = Products;
			sourceTree = "<group>";
		};
		01A0DEAB1C9A989300A71306 /* Metal */ = {
			isa = PBXGroup;
			children = (
				01A0DEAF1C9A989300A71306 /* AppDelegate.h */,
				01A0DEB01C9A989300A71306 /* AppDelegate.m */,
				01A0DECB1C9A994200A71306 /* MetalRenderer.h */,
				01A0DECC1C9A994200A71306 /* MetalRenderer.mm */,
				01A0DECD1C9A994200A71306 /* MetalView.h */,
				01A0DECE1C9A994200A71306 /* MetalView.m */,
				01A0DECF1C9A994200A71306 /* MetalViewController.h */,
				01A0DED01C9A994200A71306 /* MetalViewController.m */,
				0195116B1CA589FC003B5534 /* Node.h */,
				0195116C1CA589FC003B5534 /* Node.mm */,
				019511711CA92E29003B5534 /* Cube.h */,
				019511721CA92E29003B5534 /* Cube.mm */,
				01A0DEC31C9A98F600A71306 /* Math */,
				01A0DEC61C9A98F600A71306 /* Shaders */,
				01A0DEB51C9A989400A71306 /* Main.storyboard */,
				01A0DEB81C9A989400A71306 /* Assets.xcassets */,
				01A0DEBA1C9A989400A71306 /* LaunchScreen.storyboard */,
				01A0DEBD1C9A989400A71306 /* Info.plist */,
				01A0DEAC1C9A989300A71306 /* Supporting Files */,
			);
			path = Metal;
			sourceTree = "<group>";
		};
		01A0DEAC1C9A989300A71306 /* Supporting Files */ = {
			isa = PBXGroup;
			children = (
				01A0DEAD1C9A989300A71306 /* main.m */,
			);
			name = "Supporting Files";
			sourceTree = "<group>";
		};
		01A0DEC31C9A98F600A71306 /* Math */ = {
			isa = PBXGroup;
			children = (
				0195117B1CB3EBCF003B5534 /* Quaternion.h */,
				0195117C1CB3EBDE003B5534 /* Quaternion.mm */,
				01A0DEC41C9A98F600A71306 /* Transforms.h */,
				01A0DEC51C9A98F600A71306 /* Transforms.mm */,
			);
			path = Math;
			sourceTree = "<group>";
		};
		01A0DEC61C9A98F600A71306 /* Shaders */ = {
			isa = PBXGroup;
			children = (
				01A0DEC71C9A98F600A71306 /* Shaders.metal */,
				01A0DEC81C9A98F600A71306 /* SharedTypes.h */,
			);
			path = Shaders;
			sourceTree = "<group>";
		};
/* End PBXGroup section */

/* Begin PBXNativeTarget section */
		01A0DEA81C9A989300A71306 /* Metal */ = {
			isa = PBXNativeTarget;
			buildConfigurationList = 01A0DEC01C9A989400A71306 /* Build configuration list for PBXNativeTarget "Metal" */;
			buildPhases = (
				01A0DEA51C9A989300A71306 /* Sources */,
				01A0DEA61C9A989300A71306 /* Frameworks */,
				01A0DEA71C9A989300A71306 /* Resources */,
			);
			buildRules = (
			);
			dependencies = (
			);
			name = Metal;
			productName = Metal;
			productReference = 01A0DEA91C9A989300A71306 /* Metal.app */;
			productType = "com.apple.product-type.application";
		};
/* End PBXNativeTarget section */

/* Begin PBXProject section */
		01A0DEA11C9A989300A71306 /* Project object */ = {
			isa = PBXProject;
			attributes = {
				LastUpgradeCheck = 0720;
				ORGANIZATIONNAME = Neusoft;
				TargetAttributes = {
					01A0DEA81C9A989300A71306 = {
						CreatedOnToolsVersion = 7.2.1;
					};
				};
			};
			buildConfigurationList = 01A0DEA41C9A989300A71306 /* Build configuration list for PBXProject "Metal" */;
			compatibilityVersion = "Xcode 3.2";
			developmentRegion = English;
			hasScannedForEncodings = 0;
			knownRegions = (
				en,
				Base,
			);
			mainGroup = 01A0DEA01C9A989300A71306;
			productRefGroup = 01A0DEAA1C9A989300A71306 /* Products */;
			projectDirPath = "";
			projectRoot = "";
			targets = (
				01A0DEA81C9A989300A71306 /* Metal */,
			);
		};
/* End PBXProject section */

/* Begin PBXResourcesBuildPhase section */
		01A0DEA71C9A989300A71306 /* Resources */ = {
			isa = PBXResourcesBuildPhase;
			buildActionMask = 2147483647;
			files = (
				01A0DEBC1C9A989400A71306 /* LaunchScreen.storyboard in Resources */,
				01A0DEB91C9A989400A71306 /* Assets.xcassets in Resources */,
				01A0DEB71C9A989400A71306 /* Main.storyboard in Resources */,
			);
			runOnlyForDeploymentPostprocessing = 0;
		};
/* End PBXResourcesBuildPhase section */

/* Begin PBXSourcesBuildPhase section */
		01A0DEA51C9A989300A71306 /* Sources */ = {
			isa = PBXSourcesBuildPhase;
			buildActionMask = 2147483647;
			files = (
				01A0DED11C9A994200A71306 /* MetalRenderer.mm in Sources */,
				01A0DEC91C9A98F600A71306 /* Transforms.mm in Sources */,
				01A0DEB11C9A989300A71306 /* AppDelegate.m in Sources */,
				01A0DEAE1C9A989300A71306 /* main.m in Sources */,
				019511731CA92E29003B5534 /* Cube.mm in Sources */,
				0195117D1CB3EBDE003B5534 /* Quaternion.mm in Sources */,
				01A0DED21C9A994200A71306 /* MetalView.m in Sources */,
				01A0DECA1C9A98F600A71306 /* Shaders.metal in Sources */,
				01A0DED31C9A994200A71306 /* MetalViewController.m in Sources */,
				0195116D1CA589FC003B5534 /* Node.mm in Sources */,
			);
			runOnlyForDeploymentPostprocessing = 0;
		};
/* End PBXSourcesBuildPhase section */

/* Begin PBXVariantGroup section */
		01A0DEB51C9A989400A71306 /* Main.storyboard */ = {
			isa = PBXVariantGroup;
			children = (
				01A0DEB61C9A989400A71306 /* Base */,
			);
			name = Main.storyboard;
			sourceTree = "<group>";
		};
		01A0DEBA1C9A989400A71306 /* LaunchScreen.storyboard */ = {
			isa = PBXVariantGroup;
			children = (
				01A0DEBB1C9A989400A71306 /* Base */,
			);
			name = LaunchScreen.storyboard;
			sourceTree = "<group>";
		};
/* End PBXVariantGroup section */

/* Begin XCBuildConfiguration section */
		01A0DEBE1C9A989400A71306 /* Debug */ = {
			isa = XCBuildConfiguration;
			buildSettings = {
				ALWAYS_SEARCH_USER_PATHS = NO;
				CLANG_CXX_LANGUAGE_STANDARD = "gnu++0x";
				CLANG_CXX_LIBRARY = "libc++";
				CLANG_ENABLE_MODULES = YES;
				CLANG_ENABLE_OBJC_ARC = YES;
				CLANG_WARN_BOOL_CONVERSION = YES;
				CLANG_WARN_CONSTANT_CONVERSION = YES;
				CLANG_WARN_DIRECT_OBJC_ISA_USAGE = YES_ERROR;
				CLANG_WARN_EMPTY_BODY = YES;
				CLANG_WARN_ENUM_CONVERSION = YES;
				CLANG_WARN_INT_CONVERSION = YES;
				CLANG_WARN_OBJC_ROOT_CLASS = YES_ERROR;
				CLANG_WARN_UNREACHABLE_CODE = YES;
				CLANG_WARN__DUPLICATE_METHOD_MATCH = YES;
				"CODE_SIGN_IDENTITY[sdk=iphoneos*]" = "iPhone Developer";
				COPY_PHASE_STRIP = NO;
				DEBUG_INFORMATION_FORMAT = dwarf;
				ENABLE_STRICT_OBJC_MSGSEND = YES;
				ENABLE_TESTABILITY = YES;
				GCC_C_LANGUAGE_STANDARD = gnu99;
				GCC_DYNAMIC_NO_PIC = NO;
				GCC_NO_COMMON_BLOCKS = YES;
				GCC_OPTIMIZATION_LEVEL = 0;
				GCC_PREPROCESSOR_DEFINITIONS = (
					"DEBUG=1",
					"$(inherited)",
				);
				GCC_WARN_64_TO_32_BIT_CONVERSION = YES;
				GCC_WARN_ABOUT_RETURN_TYPE = YES_ERROR;
				GCC_WARN_UNDECLARED_SELECTOR = YES;
				GCC_WARN_UNINITIALIZED_AUTOS = YES_AGGRESSIVE;
				GCC_WARN_UNUSED_FUNCTION = YES;
				GCC_WARN_UNUSED_VARIABLE = YES;
				IPHONEOS_DEPLOYMENT_TARGET = 9.2;
				MTL_ENABLE_DEBUG_INFO = YES;
				ONLY_ACTIVE_ARCH = YES;
				SDKROOT = iphoneos;
				TARGETED_DEVICE_FAMILY = "1,2";
			};
			name = Debug;
		};
		01A0DEBF1C9A989400A71306 /* Release */ = {
			isa = XCBuildConfiguration;
			buildSettings = {
				ALWAYS_SEARCH_USER_PATHS = NO;
				CLANG_CXX_LANGUAGE_STANDARD = "gnu++0x";
				CLANG_CXX_LIBRARY = "libc++";
				CLANG_ENABLE_MODULES = YES;
				CLANG_ENABLE_OBJC_ARC = YES;
				CLANG_WARN_BOOL_CONVERSION = YES;
				CLANG_WARN_CONSTANT_CONVERSION = YES;
				CLANG_WARN_DIRECT_OBJC_ISA_USAGE = YES_ERROR;
				CLANG_WARN_EMPTY_BODY = YES;
				CLANG_WARN_ENUM_CONVERSION = YES;
				CLANG_WARN_INT_CONVERSION = YES;
				CLANG_WARN_OBJC_ROOT_CLASS = YES_ERROR;
				CLANG_WARN_UNREACHABLE_CODE = YES;
				CLANG_WARN__DUPLICATE_METHOD_MATCH = YES;
				"CODE_SIGN_IDENTITY[sdk=iphoneos*]" = "iPhone Developer";
				COPY_PHASE_STRIP = NO;
				DEBUG_INFORMATION_FORMAT = "dwarf-with-dsym";
				ENABLE_NS_ASSERTIONS = NO;
				ENABLE_STRICT_OBJC_MSGSEND = YES;
				GCC_C_LANGUAGE_STANDARD = gnu99;
				GCC_NO_COMMON_BLOCKS = YES;
				GCC_WARN_64_TO_32_BIT_CONVERSION = YES;
				GCC_WARN_ABOUT_RETURN_TYPE = YES_ERROR;
				GCC_WARN_UNDECLARED_SELECTOR = YES;
				GCC_WARN_UNINITIALIZED_AUTOS = YES_AGGRESSIVE;
				GCC_WARN_UNUSED_FUNCTION = YES;
				GCC_WARN_UNUSED_VARIABLE = YES;
				IPHONEOS_DEPLOYMENT_TARGET = 9.2;
				MTL_ENABLE_DEBUG_INFO = NO;
				SDKROOT = iphoneos;
				TARGETED_DEVICE_FAMILY = "1,2";
				VALIDATE_PRODUCT = YES;
			};
			name = Release;
		};
		01A0DEC11C9A989400A71306 /* Debug */ = {
			isa = XCBuildConfiguration;
			buildSettings = {
				ASSETCATALOG_COMPILER_APPICON_NAME = AppIcon;
				INFOPLIST_FILE = Metal/Info.plist;
				IPHONEOS_DEPLOYMENT_TARGET = 9.0;
				LD_RUNPATH_SEARCH_PATHS = "$(inherited) @executable_path/Frameworks";
				PRODUCT_BUNDLE_IDENTIFIER = com.neusoft.Metal;
				PRODUCT_NAME = "$(TARGET_NAME)";
			};
			name = Debug;
		};
		01A0DEC21C9A989400A71306 /* Release */ = {
			isa = XCBuildConfiguration;
			buildSettings = {
				ASSETCATALOG_COMPILER_APPICON_NAME = AppIcon;
				INFOPLIST_FILE = Metal/Info.plist;
				IPHONEOS_DEPLOYMENT_TARGET = 9.0;
				LD_RUNPATH_SEARCH_PATHS = "$(inherited) @executable_path/Frameworks";
				PRODUCT_BUNDLE_IDENTIFIER = com.neusoft.Metal;
				PRODUCT_NAME = "$(TARGET_NAME)";
			};
			name = Release;
		};
/* End XCBuildConfiguration section */

/* Begin XCConfigurationList section */
		01A0DEA41C9A989300A71306 /* Build configuration list for PBXProject "Metal" */ = {
			isa = XCConfigurationList;
			buildConfigurations = (
				01A0DEBE1C9A989400A71306 /* Debug */,
				01A0DEBF1C9A989400A71306 /* Release */,
			);
			defaultConfigurationIsVisible = 0;
			defaultConfigurationName = Release;
		};
		01A0DEC01C9A989400A71306 /* Build configuration list for PBXNativeTarget "Metal" */ = {
			isa = XCConfigurationList;
			buildConfigurations = (
				01A0DEC11C9A989400A71306 /* Debug */,
				01A0DEC21C9A989400A71306 /* Release */,
			);
			defaultConfigurationIsVisible = 0;
			defaultConfigurationName = Release;
		};
/* End XCConfigurationList section */
	};
	rootObject = 01A0DEA11C9A989300A71306 /* Project object */;
}
